
Microsoft Visual Studio Solution File, Format Version 12.00
# Visual Studio Version 17
VisualStudioVersion = 17.3.32929.385
MinimumVisualStudioVersion = 10.0.40219.1
Project("{9A19103F-16F7-4668-BE54-9A1E7A4F7556}") = "ConsoleApp1", "ConsoleApp1\ConsoleApp1.csproj", "{0E5706CD-483E-47EC-962F-E20D3E8947B6}"
EndProject
Project("{FAE04EC0-301F-11D3-BF4B-00C04F79EFBC}") = "TestProject1", "TestProject1\TestProject1.csproj", "{DA0C1DDB-FB9E-49D7-98A3-25DAF9FD4101}"
EndProject
Global
	GlobalSection(SolutionConfigurationPlatforms) = preSolution
		Debug|Any CPU = Debug|Any CPU
		Release|Any CPU = Release|Any CPU
	EndGlobalSection
	GlobalSection(ProjectConfigurationPlatforms) = postSolution
		{0E5706CD-483E-47EC-962F-E20D3E8947B6}.Debug|Any CPU.ActiveCfg = Debug|Any CPU
		{0E5706CD-483E-47EC-962F-E20D3E8947B6}.Debug|Any CPU.Build.0 = Debug|Any CPU
		{0E5706CD-483E-47EC-962F-E20D3E8947B6}.Release|Any CPU.ActiveCfg = Release|Any CPU
		{0E5706CD-483E-47EC-962F-E20D3E8947B6}.Release|Any CPU.Build.0 = Release|Any CPU
		{DA0C1DDB-FB9E-49D7-98A3-25DAF9FD4101}.Debug|Any CPU.ActiveCfg = Debug|Any CPU
		{DA0C1DDB-FB9E-49D7-98A3-25DAF9FD4101}.Debug|Any CPU.Build.0 = Debug|Any CPU
		{DA0C1DDB-FB9E-49D7-98A3-25DAF9FD4101}.Release|Any CPU.ActiveCfg = Release|Any CPU
		{DA0C1DDB-FB9E-49D7-98A3-25DAF9FD4101}.Release|Any CPU.Build.0 = Release|Any CPU
	EndGlobalSection
	GlobalSection(SolutionProperties) = preSolution
		HideSolutionNode = FALSE
	EndGlobalSection
	GlobalSection(ExtensibilityGlobals) = postSolution
		SolutionGuid = {A438E5E2-9939-4504-A744-81AB7EE4F660}
	EndGlobalSection
EndGlobal
